{
  "name": "@frannca/ngx-image-cropper",
  "version": "0.0.1",
  "lockfileVersion": 1,
  "requires": true,
  "dependencies": {
    "ngx-img-cropper": {
      "version": "0.10.2",
      "resolved": "https://registry.npmjs.org/ngx-img-cropper/-/ngx-img-cropper-0.10.2.tgz",
      "integrity": "sha512-3T/q6boPbVGRj5kcjya1hb41Nu+EW33Is4bLsDxsAj3EXd2ti4bNH1DP5Sd0zJcOcY0hZmySWzkCSYIunCcbKw=="
    }
  }
}
